
Microsoft Visual Studio Solution File, Format Version 12.00
# Visual Studio Version 16
VisualStudioVersion = 16.0.30011.22
MinimumVisualStudioVersion = 10.0.40219.1
Project("{FAE04EC0-301F-11D3-BF4B-00C04F79EFBC}") = "Buoi03_CSS", "Buoi03_CSS\Buoi03_CSS.csproj", "{22BC81AB-B176-4E1B-8464-436C97C2B6DC}"
EndProject
Global
	GlobalSection(SolutionConfigurationPlatforms) = preSolution
		Debug|Any CPU = Debug|Any CPU
		Release|Any CPU = Release|Any CPU
	EndGlobalSection
	GlobalSection(ProjectConfigurationPlatforms) = postSolution
		{22BC81AB-B176-4E1B-8464-436C97C2B6DC}.Debug|Any CPU.ActiveCfg = Debug|Any CPU
		{22BC81AB-B176-4E1B-8464-436C97C2B6DC}.Debug|Any CPU.Build.0 = Debug|Any CPU
		{22BC81AB-B176-4E1B-8464-436C97C2B6DC}.Release|Any CPU.ActiveCfg = Release|Any CPU
		{22BC81AB-B176-4E1B-8464-436C97C2B6DC}.Release|Any CPU.Build.0 = Release|Any CPU
	EndGlobalSection
	GlobalSection(SolutionProperties) = preSolution
		HideSolutionNode = FALSE
	EndGlobalSection
	GlobalSection(ExtensibilityGlobals) = postSolution
		SolutionGuid = {814FA319-84AE-4B6B-9A05-EE43CD4C6E64}
	EndGlobalSection
EndGlobal
